
Microsoft Visual Studio Solution File, Format Version 12.00
# Visual Studio Version 16
VisualStudioVersion = 16.0.31729.503
MinimumVisualStudioVersion = 10.0.40219.1
Project("{FAE04EC0-301F-11D3-BF4B-00C04F79EFBC}") = "lab6", "lab6.csproj", "{A4701F0E-303A-48FC-AA6B-3B523D7C8C07}"
EndProject
Global
	GlobalSection(SolutionConfigurationPlatforms) = preSolution
		Debug|Any CPU = Debug|Any CPU
		Release|Any CPU = Release|Any CPU
	EndGlobalSection
	GlobalSection(ProjectConfigurationPlatforms) = postSolution
		{A4701F0E-303A-48FC-AA6B-3B523D7C8C07}.Debug|Any CPU.ActiveCfg = Debug|Any CPU
		{A4701F0E-303A-48FC-AA6B-3B523D7C8C07}.Debug|Any CPU.Build.0 = Debug|Any CPU
		{A4701F0E-303A-48FC-AA6B-3B523D7C8C07}.Release|Any CPU.ActiveCfg = Release|Any CPU
		{A4701F0E-303A-48FC-AA6B-3B523D7C8C07}.Release|Any CPU.Build.0 = Release|Any CPU
	EndGlobalSection
	GlobalSection(SolutionProperties) = preSolution
		HideSolutionNode = FALSE
	EndGlobalSection
	GlobalSection(ExtensibilityGlobals) = postSolution
		SolutionGuid = {DD9233D7-42C2-4D51-B426-98D3501A676E}
	EndGlobalSection
EndGlobal
